
Microsoft Visual Studio Solution File, Format Version 12.00
# Visual Studio Version 16
VisualStudioVersion = 16.0.30804.86
MinimumVisualStudioVersion = 10.0.40219.1
Project("{9A19103F-16F7-4668-BE54-9A1E7A4F7556}") = "RoutinizeCore", "RoutinizeCore.csproj", "{A4C020F0-466A-4636-A335-DEE0B015C827}"
	ProjectSection(ProjectDependencies) = postProject
		{FC217327-7AD9-4279-8D9B-11D75D07B3FC} = {FC217327-7AD9-4279-8D9B-11D75D07B3FC}
	EndProjectSection
EndProject
Project("{9A19103F-16F7-4668-BE54-9A1E7A4F7556}") = "HelperLibrary", "..\HelperLibrary\HelperLibrary.csproj", "{FC217327-7AD9-4279-8D9B-11D75D07B3FC}"
EndProject
Global
	GlobalSection(SolutionConfigurationPlatforms) = preSolution
		Debug|Any CPU = Debug|Any CPU
		Release|Any CPU = Release|Any CPU
	EndGlobalSection
	GlobalSection(ProjectConfigurationPlatforms) = postSolution
		{A4C020F0-466A-4636-A335-DEE0B015C827}.Debug|Any CPU.ActiveCfg = Debug|Any CPU
		{A4C020F0-466A-4636-A335-DEE0B015C827}.Debug|Any CPU.Build.0 = Debug|Any CPU
		{A4C020F0-466A-4636-A335-DEE0B015C827}.Release|Any CPU.ActiveCfg = Release|Any CPU
		{A4C020F0-466A-4636-A335-DEE0B015C827}.Release|Any CPU.Build.0 = Release|Any CPU
		{FC217327-7AD9-4279-8D9B-11D75D07B3FC}.Debug|Any CPU.ActiveCfg = Debug|Any CPU
		{FC217327-7AD9-4279-8D9B-11D75D07B3FC}.Debug|Any CPU.Build.0 = Debug|Any CPU
		{FC217327-7AD9-4279-8D9B-11D75D07B3FC}.Release|Any CPU.ActiveCfg = Release|Any CPU
		{FC217327-7AD9-4279-8D9B-11D75D07B3FC}.Release|Any CPU.Build.0 = Release|Any CPU
	EndGlobalSection
	GlobalSection(SolutionProperties) = preSolution
		HideSolutionNode = FALSE
	EndGlobalSection
	GlobalSection(ExtensibilityGlobals) = postSolution
		SolutionGuid = {9E87AF45-A6B0-4A21-A93A-CC024A901235}
	EndGlobalSection
EndGlobal
